
Microsoft Visual Studio Solution File, Format Version 12.00
# Visual Studio 15
VisualStudioVersion = 15.0.27428.2037
MinimumVisualStudioVersion = 10.0.40219.1
Project("{FAE04EC0-301F-11D3-BF4B-00C04F79EFBC}") = "FeiCheMessageCenter", "FeiCheMessageCenter\FeiCheMessageCenter.csproj", "{1074EBEE-EA65-4F8C-B86D-681FD89FF28B}"
EndProject
Project("{FAE04EC0-301F-11D3-BF4B-00C04F79EFBC}") = "FeiCheMessageCenter.Models", "FeiCheMessageCenter.Models\FeiCheMessageCenter.Models.csproj", "{18CB9DFB-AA1F-4DBC-AD85-F155C85A435A}"
EndProject
Project("{FAE04EC0-301F-11D3-BF4B-00C04F79EFBC}") = "FeiCheMessageCenter.Infrastructure", "FeiCheMessageCenter.Infrastructure\FeiCheMessageCenter.Infrastructure.csproj", "{139CF77C-4692-4B01-BE09-879251895C15}"
EndProject
Project("{FAE04EC0-301F-11D3-BF4B-00C04F79EFBC}") = "FeiCheMessageCenter.Repository", "FeiCheMessageCenter.Repository\FeiCheMessageCenter.Repository.csproj", "{C0AD1886-2070-4759-97A1-ABEECD31A895}"
EndProject
Global
	GlobalSection(SolutionConfigurationPlatforms) = preSolution
		Debug|Any CPU = Debug|Any CPU
		Release|Any CPU = Release|Any CPU
	EndGlobalSection
	GlobalSection(ProjectConfigurationPlatforms) = postSolution
		{1074EBEE-EA65-4F8C-B86D-681FD89FF28B}.Debug|Any CPU.ActiveCfg = Debug|Any CPU
		{1074EBEE-EA65-4F8C-B86D-681FD89FF28B}.Debug|Any CPU.Build.0 = Debug|Any CPU
		{1074EBEE-EA65-4F8C-B86D-681FD89FF28B}.Release|Any CPU.ActiveCfg = Release|Any CPU
		{1074EBEE-EA65-4F8C-B86D-681FD89FF28B}.Release|Any CPU.Build.0 = Release|Any CPU
		{18CB9DFB-AA1F-4DBC-AD85-F155C85A435A}.Debug|Any CPU.ActiveCfg = Debug|Any CPU
		{18CB9DFB-AA1F-4DBC-AD85-F155C85A435A}.Debug|Any CPU.Build.0 = Debug|Any CPU
		{18CB9DFB-AA1F-4DBC-AD85-F155C85A435A}.Release|Any CPU.ActiveCfg = Release|Any CPU
		{18CB9DFB-AA1F-4DBC-AD85-F155C85A435A}.Release|Any CPU.Build.0 = Release|Any CPU
		{139CF77C-4692-4B01-BE09-879251895C15}.Debug|Any CPU.ActiveCfg = Debug|Any CPU
		{139CF77C-4692-4B01-BE09-879251895C15}.Debug|Any CPU.Build.0 = Debug|Any CPU
		{139CF77C-4692-4B01-BE09-879251895C15}.Release|Any CPU.ActiveCfg = Release|Any CPU
		{139CF77C-4692-4B01-BE09-879251895C15}.Release|Any CPU.Build.0 = Release|Any CPU
		{C0AD1886-2070-4759-97A1-ABEECD31A895}.Debug|Any CPU.ActiveCfg = Debug|Any CPU
		{C0AD1886-2070-4759-97A1-ABEECD31A895}.Debug|Any CPU.Build.0 = Debug|Any CPU
		{C0AD1886-2070-4759-97A1-ABEECD31A895}.Release|Any CPU.ActiveCfg = Release|Any CPU
		{C0AD1886-2070-4759-97A1-ABEECD31A895}.Release|Any CPU.Build.0 = Release|Any CPU
	EndGlobalSection
	GlobalSection(SolutionProperties) = preSolution
		HideSolutionNode = FALSE
	EndGlobalSection
	GlobalSection(ExtensibilityGlobals) = postSolution
		SolutionGuid = {8D558C8A-88C4-4AF5-8FDB-39FC00701FEE}
	EndGlobalSection
EndGlobal
